
Microsoft Visual Studio Solution File, Format Version 12.00
# Visual Studio Version 17
VisualStudioVersion = 17.5.002.0
MinimumVisualStudioVersion = 10.0.40219.1
Project("{9A19103F-16F7-4668-BE54-9A1E7A4F7556}") = "chain-of-responsability", "chain-of-responsability.csproj", "{5419E49C-F050-455D-9B45-7E6F6D72EF86}"
EndProject
Global
	GlobalSection(SolutionConfigurationPlatforms) = preSolution
		Debug|Any CPU = Debug|Any CPU
		Release|Any CPU = Release|Any CPU
	EndGlobalSection
	GlobalSection(ProjectConfigurationPlatforms) = postSolution
		{5419E49C-F050-455D-9B45-7E6F6D72EF86}.Debug|Any CPU.ActiveCfg = Debug|Any CPU
		{5419E49C-F050-455D-9B45-7E6F6D72EF86}.Debug|Any CPU.Build.0 = Debug|Any CPU
		{5419E49C-F050-455D-9B45-7E6F6D72EF86}.Release|Any CPU.ActiveCfg = Release|Any CPU
		{5419E49C-F050-455D-9B45-7E6F6D72EF86}.Release|Any CPU.Build.0 = Release|Any CPU
	EndGlobalSection
	GlobalSection(SolutionProperties) = preSolution
		HideSolutionNode = FALSE
	EndGlobalSection
	GlobalSection(ExtensibilityGlobals) = postSolution
		SolutionGuid = {ED2617D0-EB0A-4BB3-9651-4790A8B4EF96}
	EndGlobalSection
EndGlobal
