
Microsoft Visual Studio Solution File, Format Version 12.00
# Visual Studio Version 17
VisualStudioVersion = 17.5.002.0
MinimumVisualStudioVersion = 10.0.40219.1
Project("{9A19103F-16F7-4668-BE54-9A1E7A4F7556}") = "iterator", "iterator\iterator.csproj", "{E72813AA-C3F2-4E5C-9835-3FD00FE4BBD0}"
EndProject
Global
	GlobalSection(SolutionConfigurationPlatforms) = preSolution
		Debug|Any CPU = Debug|Any CPU
		Release|Any CPU = Release|Any CPU
	EndGlobalSection
	GlobalSection(ProjectConfigurationPlatforms) = postSolution
		{E72813AA-C3F2-4E5C-9835-3FD00FE4BBD0}.Debug|Any CPU.ActiveCfg = Debug|Any CPU
		{E72813AA-C3F2-4E5C-9835-3FD00FE4BBD0}.Debug|Any CPU.Build.0 = Debug|Any CPU
		{E72813AA-C3F2-4E5C-9835-3FD00FE4BBD0}.Release|Any CPU.ActiveCfg = Release|Any CPU
		{E72813AA-C3F2-4E5C-9835-3FD00FE4BBD0}.Release|Any CPU.Build.0 = Release|Any CPU
	EndGlobalSection
	GlobalSection(SolutionProperties) = preSolution
		HideSolutionNode = FALSE
	EndGlobalSection
	GlobalSection(ExtensibilityGlobals) = postSolution
		SolutionGuid = {D819C324-42BE-4E0E-8B80-DC3A3CD09D9C}
	EndGlobalSection
EndGlobal
